
Microsoft Visual Studio Solution File, Format Version 12.00
# Visual Studio 15
VisualStudioVersion = 15.0.28010.0
MinimumVisualStudioVersion = 10.0.40219.1
Project("{E24C65DC-7377-472B-9ABA-BC803B73C61A}") = "SispoUniron", "SispoUniron\", "{07BB0AC3-D699-4C69-B7B9-640FF2C4AF3D}"
	ProjectSection(WebsiteProperties) = preProject
		TargetFrameworkMoniker = ".NETFramework,Version%3Dv4.6"
		Debug.AspNetCompiler.VirtualPath = "/localhost_59565"
		Debug.AspNetCompiler.PhysicalPath = "SispoUniron\"
		Debug.AspNetCompiler.TargetPath = "PrecompiledWeb\localhost_59565\"
		Debug.AspNetCompiler.Updateable = "true"
		Debug.AspNetCompiler.ForceOverwrite = "true"
		Debug.AspNetCompiler.FixedNames = "false"
		Debug.AspNetCompiler.Debug = "True"
		Release.AspNetCompiler.VirtualPath = "/localhost_59565"
		Release.AspNetCompiler.PhysicalPath = "SispoUniron\"
		Release.AspNetCompiler.TargetPath = "PrecompiledWeb\localhost_59565\"
		Release.AspNetCompiler.Updateable = "true"
		Release.AspNetCompiler.ForceOverwrite = "true"
		Release.AspNetCompiler.FixedNames = "false"
		Release.AspNetCompiler.Debug = "False"
		VWDPort = "59565"
		SlnRelativePath = "SispoUniron\"
		DefaultWebSiteLanguage = "Visual C#"
	EndProjectSection
EndProject
Global
	GlobalSection(SolutionConfigurationPlatforms) = preSolution
		Debug|Any CPU = Debug|Any CPU
	EndGlobalSection
	GlobalSection(ProjectConfigurationPlatforms) = postSolution
		{07BB0AC3-D699-4C69-B7B9-640FF2C4AF3D}.Debug|Any CPU.ActiveCfg = Debug|Any CPU
		{07BB0AC3-D699-4C69-B7B9-640FF2C4AF3D}.Debug|Any CPU.Build.0 = Debug|Any CPU
	EndGlobalSection
	GlobalSection(SolutionProperties) = preSolution
		HideSolutionNode = FALSE
	EndGlobalSection
	GlobalSection(ExtensibilityGlobals) = postSolution
		SolutionGuid = {E84E69D3-B429-43D6-9ABB-F6CC1E093806}
	EndGlobalSection
EndGlobal
